
Microsoft Visual Studio Solution File, Format Version 12.00
# Visual Studio Version 17
VisualStudioVersion = 17.9.34607.119
MinimumVisualStudioVersion = 10.0.40219.1
Project("{FAE04EC0-301F-11D3-BF4B-00C04F79EFBC}") = "PermissionManagementAPI", "PermissionManagementAPI\PermissionManagementAPI.csproj", "{B8483559-342C-4BF9-8F91-0B8872077EE1}"
EndProject
Global
	GlobalSection(SolutionConfigurationPlatforms) = preSolution
		Debug|Any CPU = Debug|Any CPU
		Release|Any CPU = Release|Any CPU
	EndGlobalSection
	GlobalSection(ProjectConfigurationPlatforms) = postSolution
		{B8483559-342C-4BF9-8F91-0B8872077EE1}.Debug|Any CPU.ActiveCfg = Debug|Any CPU
		{B8483559-342C-4BF9-8F91-0B8872077EE1}.Debug|Any CPU.Build.0 = Debug|Any CPU
		{B8483559-342C-4BF9-8F91-0B8872077EE1}.Release|Any CPU.ActiveCfg = Release|Any CPU
		{B8483559-342C-4BF9-8F91-0B8872077EE1}.Release|Any CPU.Build.0 = Release|Any CPU
	EndGlobalSection
	GlobalSection(SolutionProperties) = preSolution
		HideSolutionNode = FALSE
	EndGlobalSection
	GlobalSection(ExtensibilityGlobals) = postSolution
		SolutionGuid = {6AE21F8F-56D3-4B1A-B199-473D144E1B46}
	EndGlobalSection
EndGlobal
